{
  "name": "miniprogram",
  "version": "1.0.0",
  "lockfileVersion": 2,
  "requires": true,
  "packages": {
    "": {
      "version": "1.0.0",
      "license": "ISC",
      "dependencies": {
        "@vant/weapp": "^1.10.2",
        "miniprogram-sm-crypto": "^0.3.7",
        "tdesign-miniprogram": "^0.9.0"
      }
    },
    "node_modules/@vant/weapp": {
      "version": "1.10.2",
      "resolved": "https://registry.npmmirror.com/@vant/weapp/-/weapp-1.10.2.tgz",
      "integrity": "sha512-caqA0xQxM4lMRncFsRPPVMDdEzUBCJ4xdFXuKReXpEU3qwnVIP/WIjVDIi7mWyS7xqz8C9WfSW5JL4PrlSq31w=="
    },
    "node_modules/dayjs": {
      "version": "1.11.1",
      "resolved": "https://registry.npmmirror.com/dayjs/-/dayjs-1.11.1.tgz",
      "integrity": "sha512-ER7EjqVAMkRRsxNCC5YqJ9d9VQYuWdGt7aiH2qA5R5wt8ZmWaP2dLUSIK6y/kVzLMlmh1Tvu5xUf4M/wdGJ5KA=="
    },
    "node_modules/jsbn": {
      "version": "1.1.0",
      "resolved": "https://registry.npmmirror.com/jsbn/-/jsbn-1.1.0.tgz",
      "integrity": "sha512-4bYVV3aAMtDTTu4+xsDYa6sy9GyJ69/amsu9sYF2zqjiEoZA5xJi3BrfX3uY+/IekIu7MwdObdbDWpoZdBv3/A=="
    },
    "node_modules/miniprogram-sm-crypto": {
      "version": "0.3.7",
      "resolved": "https://registry.npmmirror.com/miniprogram-sm-crypto/-/miniprogram-sm-crypto-0.3.7.tgz",
      "integrity": "sha512-Z/zFOzLYu2PchP4/Klfcq+yG+K4+S0NHyOz3KlLmHohGms33BS45PBPLVschztlTAWHWZ066oKD6eIbibcc8OA==",
      "dependencies": {
        "jsbn": "^1.1.0"
      }
    },
    "node_modules/tdesign-miniprogram": {
      "version": "0.9.0",
      "resolved": "https://registry.npmmirror.com/tdesign-miniprogram/-/tdesign-miniprogram-0.9.0.tgz",
      "integrity": "sha512-tPzT1ML1P2+uFfrc/2T2azZA1We0LYPNT6eQYCcqAfquDGxSumz2NNswHQaXQu/uBsJBGJ4VX1FV1P9cxRu7eg==",
      "dependencies": {
        "dayjs": "^1.10.7"
      }
    }
  },
  "dependencies": {
    "@vant/weapp": {
      "version": "1.10.2",
      "resolved": "https://registry.npmmirror.com/@vant/weapp/-/weapp-1.10.2.tgz",
      "integrity": "sha512-caqA0xQxM4lMRncFsRPPVMDdEzUBCJ4xdFXuKReXpEU3qwnVIP/WIjVDIi7mWyS7xqz8C9WfSW5JL4PrlSq31w=="
    },
    "dayjs": {
      "version": "1.11.1",
      "resolved": "https://registry.npmmirror.com/dayjs/-/dayjs-1.11.1.tgz",
      "integrity": "sha512-ER7EjqVAMkRRsxNCC5YqJ9d9VQYuWdGt7aiH2qA5R5wt8ZmWaP2dLUSIK6y/kVzLMlmh1Tvu5xUf4M/wdGJ5KA=="
    },
    "jsbn": {
      "version": "1.1.0",
      "resolved": "https://registry.npmmirror.com/jsbn/-/jsbn-1.1.0.tgz",
      "integrity": "sha512-4bYVV3aAMtDTTu4+xsDYa6sy9GyJ69/amsu9sYF2zqjiEoZA5xJi3BrfX3uY+/IekIu7MwdObdbDWpoZdBv3/A=="
    },
    "miniprogram-sm-crypto": {
      "version": "0.3.7",
      "resolved": "https://registry.npmmirror.com/miniprogram-sm-crypto/-/miniprogram-sm-crypto-0.3.7.tgz",
      "integrity": "sha512-Z/zFOzLYu2PchP4/Klfcq+yG+K4+S0NHyOz3KlLmHohGms33BS45PBPLVschztlTAWHWZ066oKD6eIbibcc8OA==",
      "requires": {
        "jsbn": "^1.1.0"
      }
    },
    "tdesign-miniprogram": {
      "version": "0.9.0",
      "resolved": "https://registry.npmmirror.com/tdesign-miniprogram/-/tdesign-miniprogram-0.9.0.tgz",
      "integrity": "sha512-tPzT1ML1P2+uFfrc/2T2azZA1We0LYPNT6eQYCcqAfquDGxSumz2NNswHQaXQu/uBsJBGJ4VX1FV1P9cxRu7eg==",
      "requires": {
        "dayjs": "^1.10.7"
      }
    }
  }
}
